
Microsoft Visual Studio Solution File, Format Version 12.00
# Visual Studio Version 17
VisualStudioVersion = 17.11.35222.181
MinimumVisualStudioVersion = 10.0.40219.1
Project("{FAE04EC0-301F-11D3-BF4B-00C04F79EFBC}") = "Blazor8FileUpload", "Blazor8FileUpload\Blazor8FileUpload.csproj", "{740B5455-DBAA-4DCC-B8CF-F11CB58C770B}"
EndProject
Global
	GlobalSection(SolutionConfigurationPlatforms) = preSolution
		Debug|Any CPU = Debug|Any CPU
		Release|Any CPU = Release|Any CPU
	EndGlobalSection
	GlobalSection(ProjectConfigurationPlatforms) = postSolution
		{740B5455-DBAA-4DCC-B8CF-F11CB58C770B}.Debug|Any CPU.ActiveCfg = Debug|Any CPU
		{740B5455-DBAA-4DCC-B8CF-F11CB58C770B}.Debug|Any CPU.Build.0 = Debug|Any CPU
		{740B5455-DBAA-4DCC-B8CF-F11CB58C770B}.Release|Any CPU.ActiveCfg = Release|Any CPU
		{740B5455-DBAA-4DCC-B8CF-F11CB58C770B}.Release|Any CPU.Build.0 = Release|Any CPU
	EndGlobalSection
	GlobalSection(SolutionProperties) = preSolution
		HideSolutionNode = FALSE
	EndGlobalSection
	GlobalSection(ExtensibilityGlobals) = postSolution
		SolutionGuid = {36989CCD-5D7B-4E53-822C-44DCBE03FA16}
	EndGlobalSection
EndGlobal
